
Microsoft Visual Studio Solution File, Format Version 12.00
# Visual Studio Version 17
VisualStudioVersion = 17.3.32929.385
MinimumVisualStudioVersion = 10.0.40219.1
Project("{9A19103F-16F7-4668-BE54-9A1E7A4F7556}") = "wpfProjectNewsReader", "wpfProjectNewsReader.csproj", "{74D39539-03BB-496A-A024-AF16A821F395}"
EndProject
Project("{FAE04EC0-301F-11D3-BF4B-00C04F79EFBC}") = "NewsReaderLoginTests", "..\NewsReaderLoginTests\NewsReaderLoginTests.csproj", "{81F5CCB0-558C-4BAF-BC26-57D96F1AD552}"
EndProject
Global
	GlobalSection(SolutionConfigurationPlatforms) = preSolution
		Debug|Any CPU = Debug|Any CPU
		Release|Any CPU = Release|Any CPU
	EndGlobalSection
	GlobalSection(ProjectConfigurationPlatforms) = postSolution
		{74D39539-03BB-496A-A024-AF16A821F395}.Debug|Any CPU.ActiveCfg = Debug|Any CPU
		{74D39539-03BB-496A-A024-AF16A821F395}.Debug|Any CPU.Build.0 = Debug|Any CPU
		{74D39539-03BB-496A-A024-AF16A821F395}.Release|Any CPU.ActiveCfg = Release|Any CPU
		{74D39539-03BB-496A-A024-AF16A821F395}.Release|Any CPU.Build.0 = Release|Any CPU
		{81F5CCB0-558C-4BAF-BC26-57D96F1AD552}.Debug|Any CPU.ActiveCfg = Debug|Any CPU
		{81F5CCB0-558C-4BAF-BC26-57D96F1AD552}.Debug|Any CPU.Build.0 = Debug|Any CPU
		{81F5CCB0-558C-4BAF-BC26-57D96F1AD552}.Release|Any CPU.ActiveCfg = Release|Any CPU
		{81F5CCB0-558C-4BAF-BC26-57D96F1AD552}.Release|Any CPU.Build.0 = Release|Any CPU
	EndGlobalSection
	GlobalSection(SolutionProperties) = preSolution
		HideSolutionNode = FALSE
	EndGlobalSection
	GlobalSection(ExtensibilityGlobals) = postSolution
		SolutionGuid = {11D82A9D-ED40-4042-AC4E-7CE294454B5D}
	EndGlobalSection
EndGlobal
